<?xml version="1.0" encoding="UTF-8" standalone="yes" ?>
<CodeBlocks_project_file>
	<FileVersion major="1" minor="6" />
	<Project>
		<Option title="TP3" />
		<Option pch_mode="2" />
		<Option compiler="gcc" />
		<Build>
			<Script file="lib_finder.script" />
			<Target title="Basic_Debug">
				<Option output="bin/Debug/TP3" prefix_auto="1" extension_auto="1" />
				<Option object_output="obj/Debug/" />
				<Option type="1" />
				<Option compiler="gcc" />
				<Compiler>
					<Add option="-g" />
				</Compiler>
			</Target>
			<Target title="Basic_Release">
				<Option output="bin/Release/BlocksWorld" prefix_auto="1" extension_auto="1" />
				<Option object_output="obj/Release/" />
				<Option type="1" />
				<Option compiler="gcc" />
				<Compiler>
					<Add option="-O2" />
				</Compiler>
				<Linker>
					<Add option="-s" />
				</Linker>
			</Target>
			<Target title="Ncurses_Debug">
				<Option output="bin/Ncurses_Debug/BlocksWorld" prefix_auto="1" extension_auto="1" />
				<Option object_output="obj/Ncurses_Debug/" />
				<Option type="1" />
				<Option compiler="gcc" />
				<Compiler>
					<Add option="-g" />
					<Add option="-DUSE_NCURSES" />
				</Compiler>
				<Linker>
					<Add library="PDCurses/lib/pdcurses.a" />
				</Linker>
			</Target>
			<Target title="Ncurses_Release">
				<Option output="bin/Ncurses_Release/BlocksWorld" prefix_auto="1" extension_auto="1" />
				<Option object_output="obj/Ncurses_Release/" />
				<Option type="1" />
				<Option compiler="gcc" />
				<Compiler>
					<Add option="-O2" />
					<Add option="-DUSE_NCURSES" />
				</Compiler>
				<Linker>
					<Add option="-s" />
					<Add library="PDCurses/lib/pdcurses.a" />
				</Linker>
			</Target>
		</Build>
		<VirtualTargets>
			<Add alias="all" targets="Basic_Debug;Basic_Release;Ncurses_Debug;Ncurses_Release;" />
		</VirtualTargets>
		<Compiler>
			<Add option="-pedantic" />
			<Add option="-Wall" />
			<Add option="-ansi" />
			<Add directory="PDCurses/include" />
		</Compiler>
		<Linker>
			<Add option="-static-libgcc" />
		</Linker>
		<Unit filename="World.c">
			<Option compilerVar="CC" />
		</Unit>
		<Unit filename="World.h" />
		<Unit filename="main.c">
			<Option compilerVar="CC" />
		</Unit>
		<Unit filename="pile.c">
			<Option compilerVar="CC" />
		</Unit>
		<Unit filename="pile.h" />
		<Extensions>
			<code_completion />
			<envvars set="default" />
			<debugger />
			<lib_finder disable_auto="1" />
		</Extensions>
	</Project>
</CodeBlocks_project_file>
